Microsoft Visual Studio Solution File, Format Version 11.00
# Visual Studio 2010
Project("{FAE04EC0-301F-11D3-BF4B-00C04F79EFBC}") = "Ankor.Core", "Ankor.Core\Ankor.Core.csproj", "{CEC1C73C-8994-4E8E-8E4D-F33C1E7B5863}"
EndProject
Project("{2150E333-8FDC-42A3-9474-1A3956D46DE8}") = "Solution Items", "Solution Items", "{B523AEF3-6DB7-4B20-AA9A-E44F80218285}"
EndProject
Project("{FAE04EC0-301F-11D3-BF4B-00C04F79EFBC}") = "Ankor.Core.Test", "Ankor.Core.Test\Ankor.Core.Test.csproj", "{6C872AE4-75B6-4721-9E3F-2DE61CB76D54}"
EndProject
Project("{FAE04EC0-301F-11D3-BF4B-00C04F79EFBC}") = "Ankor.Sample.Animals.Client", "Ankor.Sample.Animals.Client\Ankor.Sample.Animals.Client.csproj", "{301F2704-D284-4DB2-B085-4135D13C3D5A}"
EndProject
Project("{FAE04EC0-301F-11D3-BF4B-00C04F79EFBC}") = "Ankor.Sample.Todo.Client", "Ankor.Sample.Todo.Client\Ankor.Sample.Todo.Client.csproj", "{21B4B771-B44C-4379-A54A-7564701CD694}"
EndProject
Project("{FAE04EC0-301F-11D3-BF4B-00C04F79EFBC}") = "Ankor.Wpf", "Ankor.Wpf\Ankor.Wpf.csproj", "{FC1C6616-E3D6-47A7-975B-FB79303EF7AC}"
EndProject
Global
	GlobalSection(SolutionConfigurationPlatforms) = preSolution
		Debug|Any CPU = Debug|Any CPU
		Debug|Mixed Platforms = Debug|Mixed Platforms
		Debug|x86 = Debug|x86
		Release|Any CPU = Release|Any CPU
		Release|Mixed Platforms = Release|Mixed Platforms
		Release|x86 = Release|x86
	EndGlobalSection
	GlobalSection(ProjectConfigurationPlatforms) = postSolution
		{CEC1C73C-8994-4E8E-8E4D-F33C1E7B5863}.Debug|Any CPU.ActiveCfg = Debug|Any CPU
		{CEC1C73C-8994-4E8E-8E4D-F33C1E7B5863}.Debug|Any CPU.Build.0 = Debug|Any CPU
		{CEC1C73C-8994-4E8E-8E4D-F33C1E7B5863}.Debug|Mixed Platforms.ActiveCfg = Debug|Any CPU
		{CEC1C73C-8994-4E8E-8E4D-F33C1E7B5863}.Debug|Mixed Platforms.Build.0 = Debug|Any CPU
		{CEC1C73C-8994-4E8E-8E4D-F33C1E7B5863}.Debug|x86.ActiveCfg = Debug|Any CPU
		{CEC1C73C-8994-4E8E-8E4D-F33C1E7B5863}.Release|Any CPU.ActiveCfg = Release|Any CPU
		{CEC1C73C-8994-4E8E-8E4D-F33C1E7B5863}.Release|Any CPU.Build.0 = Release|Any CPU
		{CEC1C73C-8994-4E8E-8E4D-F33C1E7B5863}.Release|Mixed Platforms.ActiveCfg = Release|Any CPU
		{CEC1C73C-8994-4E8E-8E4D-F33C1E7B5863}.Release|Mixed Platforms.Build.0 = Release|Any CPU
		{CEC1C73C-8994-4E8E-8E4D-F33C1E7B5863}.Release|x86.ActiveCfg = Release|Any CPU
		{6C872AE4-75B6-4721-9E3F-2DE61CB76D54}.Debug|Any CPU.ActiveCfg = Debug|Any CPU
		{6C872AE4-75B6-4721-9E3F-2DE61CB76D54}.Debug|Any CPU.Build.0 = Debug|Any CPU
		{6C872AE4-75B6-4721-9E3F-2DE61CB76D54}.Debug|Mixed Platforms.ActiveCfg = Debug|Any CPU
		{6C872AE4-75B6-4721-9E3F-2DE61CB76D54}.Debug|Mixed Platforms.Build.0 = Debug|Any CPU
		{6C872AE4-75B6-4721-9E3F-2DE61CB76D54}.Debug|x86.ActiveCfg = Debug|Any CPU
		{6C872AE4-75B6-4721-9E3F-2DE61CB76D54}.Release|Any CPU.ActiveCfg = Release|Any CPU
		{6C872AE4-75B6-4721-9E3F-2DE61CB76D54}.Release|Any CPU.Build.0 = Release|Any CPU
		{6C872AE4-75B6-4721-9E3F-2DE61CB76D54}.Release|Mixed Platforms.ActiveCfg = Release|Any CPU
		{6C872AE4-75B6-4721-9E3F-2DE61CB76D54}.Release|Mixed Platforms.Build.0 = Release|Any CPU
		{6C872AE4-75B6-4721-9E3F-2DE61CB76D54}.Release|x86.ActiveCfg = Release|Any CPU
		{301F2704-D284-4DB2-B085-4135D13C3D5A}.Debug|Any CPU.ActiveCfg = Debug|x86
		{301F2704-D284-4DB2-B085-4135D13C3D5A}.Debug|Mixed Platforms.ActiveCfg = Debug|x86
		{301F2704-D284-4DB2-B085-4135D13C3D5A}.Debug|Mixed Platforms.Build.0 = Debug|x86
		{301F2704-D284-4DB2-B085-4135D13C3D5A}.Debug|x86.ActiveCfg = Debug|x86
		{301F2704-D284-4DB2-B085-4135D13C3D5A}.Debug|x86.Build.0 = Debug|x86
		{301F2704-D284-4DB2-B085-4135D13C3D5A}.Release|Any CPU.ActiveCfg = Release|x86
		{301F2704-D284-4DB2-B085-4135D13C3D5A}.Release|Mixed Platforms.ActiveCfg = Release|x86
		{301F2704-D284-4DB2-B085-4135D13C3D5A}.Release|Mixed Platforms.Build.0 = Release|x86
		{301F2704-D284-4DB2-B085-4135D13C3D5A}.Release|x86.ActiveCfg = Release|x86
		{301F2704-D284-4DB2-B085-4135D13C3D5A}.Release|x86.Build.0 = Release|x86
		{21B4B771-B44C-4379-A54A-7564701CD694}.Debug|Any CPU.ActiveCfg = Debug|x86
		{21B4B771-B44C-4379-A54A-7564701CD694}.Debug|Mixed Platforms.ActiveCfg = Debug|x86
		{21B4B771-B44C-4379-A54A-7564701CD694}.Debug|Mixed Platforms.Build.0 = Debug|x86
		{21B4B771-B44C-4379-A54A-7564701CD694}.Debug|x86.ActiveCfg = Debug|x86
		{21B4B771-B44C-4379-A54A-7564701CD694}.Debug|x86.Build.0 = Debug|x86
		{21B4B771-B44C-4379-A54A-7564701CD694}.Release|Any CPU.ActiveCfg = Release|x86
		{21B4B771-B44C-4379-A54A-7564701CD694}.Release|Mixed Platforms.ActiveCfg = Release|x86
		{21B4B771-B44C-4379-A54A-7564701CD694}.Release|Mixed Platforms.Build.0 = Release|x86
		{21B4B771-B44C-4379-A54A-7564701CD694}.Release|x86.ActiveCfg = Release|x86
		{21B4B771-B44C-4379-A54A-7564701CD694}.Release|x86.Build.0 = Release|x86
		{FC1C6616-E3D6-47A7-975B-FB79303EF7AC}.Debug|Any CPU.ActiveCfg = Debug|Any CPU
		{FC1C6616-E3D6-47A7-975B-FB79303EF7AC}.Debug|Any CPU.Build.0 = Debug|Any CPU
		{FC1C6616-E3D6-47A7-975B-FB79303EF7AC}.Debug|Mixed Platforms.ActiveCfg = Debug|Any CPU
		{FC1C6616-E3D6-47A7-975B-FB79303EF7AC}.Debug|Mixed Platforms.Build.0 = Debug|Any CPU
		{FC1C6616-E3D6-47A7-975B-FB79303EF7AC}.Debug|x86.ActiveCfg = Debug|Any CPU
		{FC1C6616-E3D6-47A7-975B-FB79303EF7AC}.Release|Any CPU.ActiveCfg = Release|Any CPU
		{FC1C6616-E3D6-47A7-975B-FB79303EF7AC}.Release|Any CPU.Build.0 = Release|Any CPU
		{FC1C6616-E3D6-47A7-975B-FB79303EF7AC}.Release|Mixed Platforms.ActiveCfg = Release|Any CPU
		{FC1C6616-E3D6-47A7-975B-FB79303EF7AC}.Release|Mixed Platforms.Build.0 = Release|Any CPU
		{FC1C6616-E3D6-47A7-975B-FB79303EF7AC}.Release|x86.ActiveCfg = Release|Any CPU
	EndGlobalSection
	GlobalSection(SolutionProperties) = preSolution
		HideSolutionNode = FALSE
	EndGlobalSection
EndGlobal
