// !$*UTF8*$!
{
	archiveVersion = 1;
	classes = {
	};
	objectVersion = 46;
	objects = {

/* Begin PBXBuildFile section */
		E24D7687188435CB00257B9B /* libicucore.dylib in Frameworks */ = {isa = PBXBuildFile; fileRef = E24D7686188435CB00257B9B /* libicucore.dylib */; };
		E24D768C1889827F00257B9B /* libAnkorIOS.a in Frameworks */ = {isa = PBXBuildFile; fileRef = E29E104B184F24AE004AC9F8 /* libAnkorIOS.a */; };
		E2A21A381845E6EB00DA836E /* Foundation.framework in Frameworks */ = {isa = PBXBuildFile; fileRef = E2A21A371845E6EB00DA836E /* Foundation.framework */; };
		E2A21A3A1845E6EB00DA836E /* CoreGraphics.framework in Frameworks */ = {isa = PBXBuildFile; fileRef = E2A21A391845E6EB00DA836E /* CoreGraphics.framework */; };
		E2A21A3C1845E6EB00DA836E /* UIKit.framework in Frameworks */ = {isa = PBXBuildFile; fileRef = E2A21A3B1845E6EB00DA836E /* UIKit.framework */; };
		E2A21A421845E6EB00DA836E /* InfoPlist.strings in Resources */ = {isa = PBXBuildFile; fileRef = E2A21A401845E6EB00DA836E /* InfoPlist.strings */; };
		E2A21A441845E6EB00DA836E /* main.m in Sources */ = {isa = PBXBuildFile; fileRef = E2A21A431845E6EB00DA836E /* main.m */; };
		E2A21A481845E6EB00DA836E /* AppDelegate.m in Sources */ = {isa = PBXBuildFile; fileRef = E2A21A471845E6EB00DA836E /* AppDelegate.m */; };
		E2A21A4A1845E6EB00DA836E /* Images.xcassets in Resources */ = {isa = PBXBuildFile; fileRef = E2A21A491845E6EB00DA836E /* Images.xcassets */; };
		E2A21A511845E6EB00DA836E /* XCTest.framework in Frameworks */ = {isa = PBXBuildFile; fileRef = E2A21A501845E6EB00DA836E /* XCTest.framework */; };
		E2A21A521845E6EB00DA836E /* Foundation.framework in Frameworks */ = {isa = PBXBuildFile; fileRef = E2A21A371845E6EB00DA836E /* Foundation.framework */; };
		E2A21A531845E6EB00DA836E /* UIKit.framework in Frameworks */ = {isa = PBXBuildFile; fileRef = E2A21A3B1845E6EB00DA836E /* UIKit.framework */; };
		E2A21A5B1845E6EB00DA836E /* InfoPlist.strings in Resources */ = {isa = PBXBuildFile; fileRef = E2A21A591845E6EB00DA836E /* InfoPlist.strings */; };
		E2A21A5D1845E6EB00DA836E /* TodoListTests.m in Sources */ = {isa = PBXBuildFile; fileRef = E2A21A5C1845E6EB00DA836E /* TodoListTests.m */; };
		E2A21A671845E70800DA836E /* Storyboard.storyboard in Resources */ = {isa = PBXBuildFile; fileRef = E2A21A661845E70800DA836E /* Storyboard.storyboard */; };
		E2A21A6A1846377600DA836E /* AddToDoItemViewController.m in Sources */ = {isa = PBXBuildFile; fileRef = E2A21A691846377600DA836E /* AddToDoItemViewController.m */; };
		E2A21A701846387500DA836E /* ToDoListView.m in Sources */ = {isa = PBXBuildFile; fileRef = E2A21A6F1846387500DA836E /* ToDoListView.m */; };
		E2A21A7718464F0400DA836E /* CFNetwork.framework in Frameworks */ = {isa = PBXBuildFile; fileRef = E2A21A7618464F0400DA836E /* CFNetwork.framework */; };
		E2A21A7918464F1100DA836E /* Security.framework in Frameworks */ = {isa = PBXBuildFile; fileRef = E2A21A7818464F1100DA836E /* Security.framework */; };
/* End PBXBuildFile section */

/* Begin PBXContainerItemProxy section */
		E24D7690188982EC00257B9B /* PBXContainerItemProxy */ = {
			isa = PBXContainerItemProxy;
			containerPortal = E29E1045184F24AE004AC9F8 /* AnkorIOS.xcodeproj */;
			proxyType = 1;
			remoteGlobalIDString = E24756BC184E858A00D75019;
			remoteInfo = AnkorIOS;
		};
		E29E104A184F24AE004AC9F8 /* PBXContainerItemProxy */ = {
			isa = PBXContainerItemProxy;
			containerPortal = E29E1045184F24AE004AC9F8 /* AnkorIOS.xcodeproj */;
			proxyType = 2;
			remoteGlobalIDString = E24756BD184E858A00D75019;
			remoteInfo = AnkorIOS;
		};
		E29E104C184F24AE004AC9F8 /* PBXContainerItemProxy */ = {
			isa = PBXContainerItemProxy;
			containerPortal = E29E1045184F24AE004AC9F8 /* AnkorIOS.xcodeproj */;
			proxyType = 2;
			remoteGlobalIDString = E24756CD184E858A00D75019;
			remoteInfo = AnkorIOSTests;
		};
		E2A21A541845E6EB00DA836E /* PBXContainerItemProxy */ = {
			isa = PBXContainerItemProxy;
			containerPortal = E2A21A2C1845E6EB00DA836E /* Project object */;
			proxyType = 1;
			remoteGlobalIDString = E2A21A331845E6EB00DA836E;
			remoteInfo = TodoList;
		};
/* End PBXContainerItemProxy section */

/* Begin PBXFileReference section */
		E24D7686188435CB00257B9B /* libicucore.dylib */ = {isa = PBXFileReference; lastKnownFileType = "compiled.mach-o.dylib"; name = libicucore.dylib; path = usr/lib/libicucore.dylib; sourceTree = SDKROOT; };
		E29E1045184F24AE004AC9F8 /* AnkorIOS.xcodeproj */ = {isa = PBXFileReference; lastKnownFileType = "wrapper.pb-project"; name = AnkorIOS.xcodeproj; path = "../../../ankor-ios/AnkorIOS.xcodeproj"; sourceTree = "<group>"; };
		E2A21A341845E6EB00DA836E /* TodoList.app */ = {isa = PBXFileReference; explicitFileType = wrapper.application; includeInIndex = 0; path = TodoList.app; sourceTree = BUILT_PRODUCTS_DIR; };
		E2A21A371845E6EB00DA836E /* Foundation.framework */ = {isa = PBXFileReference; lastKnownFileType = wrapper.framework; name = Foundation.framework; path = System/Library/Frameworks/Foundation.framework; sourceTree = SDKROOT; };
		E2A21A391845E6EB00DA836E /* CoreGraphics.framework */ = {isa = PBXFileReference; lastKnownFileType = wrapper.framework; name = CoreGraphics.framework; path = System/Library/Frameworks/CoreGraphics.framework; sourceTree = SDKROOT; };
		E2A21A3B1845E6EB00DA836E /* UIKit.framework */ = {isa = PBXFileReference; lastKnownFileType = wrapper.framework; name = UIKit.framework; path = System/Library/Frameworks/UIKit.framework; sourceTree = SDKROOT; };
		E2A21A3F1845E6EB00DA836E /* TodoList-Info.plist */ = {isa = PBXFileReference; lastKnownFileType = text.plist.xml; path = "TodoList-Info.plist"; sourceTree = "<group>"; };
		E2A21A411845E6EB00DA836E /* en */ = {isa = PBXFileReference; lastKnownFileType = text.plist.strings; name = en; path = en.lproj/InfoPlist.strings; sourceTree = "<group>"; };
		E2A21A431845E6EB00DA836E /* main.m */ = {isa = PBXFileReference; lastKnownFileType = sourcecode.c.objc; path = main.m; sourceTree = "<group>"; };
		E2A21A451845E6EB00DA836E /* TodoList-Prefix.pch */ = {isa = PBXFileReference; lastKnownFileType = sourcecode.c.h; path = "TodoList-Prefix.pch"; sourceTree = "<group>"; };
		E2A21A461845E6EB00DA836E /* AppDelegate.h */ = {isa = PBXFileReference; lastKnownFileType = sourcecode.c.h; path = AppDelegate.h; sourceTree = "<group>"; };
		E2A21A471845E6EB00DA836E /* AppDelegate.m */ = {isa = PBXFileReference; lastKnownFileType = sourcecode.c.objc; path = AppDelegate.m; sourceTree = "<group>"; };
		E2A21A491845E6EB00DA836E /* Images.xcassets */ = {isa = PBXFileReference; lastKnownFileType = folder.assetcatalog; path = Images.xcassets; sourceTree = "<group>"; };
		E2A21A4F1845E6EB00DA836E /* TodoListTests.xctest */ = {isa = PBXFileReference; explicitFileType = wrapper.cfbundle; includeInIndex = 0; path = TodoListTests.xctest; sourceTree = BUILT_PRODUCTS_DIR; };
		E2A21A501845E6EB00DA836E /* XCTest.framework */ = {isa = PBXFileReference; lastKnownFileType = wrapper.framework; name = XCTest.framework; path = Library/Frameworks/XCTest.framework; sourceTree = DEVELOPER_DIR; };
		E2A21A581845E6EB00DA836E /* TodoListTests-Info.plist */ = {isa = PBXFileReference; lastKnownFileType = text.plist.xml; path = "TodoListTests-Info.plist"; sourceTree = "<group>"; };
		E2A21A5A1845E6EB00DA836E /* en */ = {isa = PBXFileReference; lastKnownFileType = text.plist.strings; name = en; path = en.lproj/InfoPlist.strings; sourceTree = "<group>"; };
		E2A21A5C1845E6EB00DA836E /* TodoListTests.m */ = {isa = PBXFileReference; lastKnownFileType = sourcecode.c.objc; path = TodoListTests.m; sourceTree = "<group>"; };
		E2A21A661845E70800DA836E /* Storyboard.storyboard */ = {isa = PBXFileReference; fileEncoding = 4; lastKnownFileType = file.storyboard; path = Storyboard.storyboard; sourceTree = "<group>"; };
		E2A21A681846377600DA836E /* AddToDoItemViewController.h */ = {isa = PBXFileReference; fileEncoding = 4; lastKnownFileType = sourcecode.c.h; path = AddToDoItemViewController.h; sourceTree = "<group>"; };
		E2A21A691846377600DA836E /* AddToDoItemViewController.m */ = {isa = PBXFileReference; fileEncoding = 4; lastKnownFileType = sourcecode.c.objc; path = AddToDoItemViewController.m; sourceTree = "<group>"; };
		E2A21A6E1846387500DA836E /* ToDoListView.h */ = {isa = PBXFileReference; fileEncoding = 4; lastKnownFileType = sourcecode.c.h; name = ToDoListView.h; path = ../ToDoListView.h; sourceTree = "<group>"; };
		E2A21A6F1846387500DA836E /* ToDoListView.m */ = {isa = PBXFileReference; fileEncoding = 4; lastKnownFileType = sourcecode.c.objc; name = ToDoListView.m; path = ../ToDoListView.m; sourceTree = "<group>"; };
		E2A21A7618464F0400DA836E /* CFNetwork.framework */ = {isa = PBXFileReference; lastKnownFileType = wrapper.framework; name = CFNetwork.framework; path = System/Library/Frameworks/CFNetwork.framework; sourceTree = SDKROOT; };
		E2A21A7818464F1100DA836E /* Security.framework */ = {isa = PBXFileReference; lastKnownFileType = wrapper.framework; name = Security.framework; path = System/Library/Frameworks/Security.framework; sourceTree = SDKROOT; };
/* End PBXFileReference section */

/* Begin PBXFrameworksBuildPhase section */
		E2A21A311845E6EB00DA836E /* Frameworks */ = {
			isa = PBXFrameworksBuildPhase;
			buildActionMask = 2147483647;
			files = (
				E24D768C1889827F00257B9B /* libAnkorIOS.a in Frameworks */,
				E24D7687188435CB00257B9B /* libicucore.dylib in Frameworks */,
				E2A21A7918464F1100DA836E /* Security.framework in Frameworks */,
				E2A21A7718464F0400DA836E /* CFNetwork.framework in Frameworks */,
				E2A21A3A1845E6EB00DA836E /* CoreGraphics.framework in Frameworks */,
				E2A21A3C1845E6EB00DA836E /* UIKit.framework in Frameworks */,
				E2A21A381845E6EB00DA836E /* Foundation.framework in Frameworks */,
			);
			runOnlyForDeploymentPostprocessing = 0;
		};
		E2A21A4C1845E6EB00DA836E /* Frameworks */ = {
			isa = PBXFrameworksBuildPhase;
			buildActionMask = 2147483647;
			files = (
				E2A21A511845E6EB00DA836E /* XCTest.framework in Frameworks */,
				E2A21A531845E6EB00DA836E /* UIKit.framework in Frameworks */,
				E2A21A521845E6EB00DA836E /* Foundation.framework in Frameworks */,
			);
			runOnlyForDeploymentPostprocessing = 0;
		};
/* End PBXFrameworksBuildPhase section */

/* Begin PBXGroup section */
		E29E1031184F20EB004AC9F8 /* views */ = {
			isa = PBXGroup;
			children = (
				E2A21A681846377600DA836E /* AddToDoItemViewController.h */,
				E2A21A691846377600DA836E /* AddToDoItemViewController.m */,
				E2A21A6E1846387500DA836E /* ToDoListView.h */,
				E2A21A6F1846387500DA836E /* ToDoListView.m */,
			);
			name = views;
			sourceTree = "<group>";
		};
		E29E1046184F24AE004AC9F8 /* Products */ = {
			isa = PBXGroup;
			children = (
				E29E104B184F24AE004AC9F8 /* libAnkorIOS.a */,
				E29E104D184F24AE004AC9F8 /* AnkorIOSTests.xctest */,
			);
			name = Products;
			sourceTree = "<group>";
		};
		E2A21A2B1845E6EB00DA836E = {
			isa = PBXGroup;
			children = (
				E29E1045184F24AE004AC9F8 /* AnkorIOS.xcodeproj */,
				E2A21A3D1845E6EB00DA836E /* TodoList */,
				E2A21A561845E6EB00DA836E /* TodoListTests */,
				E2A21A361845E6EB00DA836E /* Frameworks */,
				E2A21A351845E6EB00DA836E /* Products */,
			);
			sourceTree = "<group>";
		};
		E2A21A351845E6EB00DA836E /* Products */ = {
			isa = PBXGroup;
			children = (
				E2A21A341845E6EB00DA836E /* TodoList.app */,
				E2A21A4F1845E6EB00DA836E /* TodoListTests.xctest */,
			);
			name = Products;
			sourceTree = "<group>";
		};
		E2A21A361845E6EB00DA836E /* Frameworks */ = {
			isa = PBXGroup;
			children = (
				E24D7686188435CB00257B9B /* libicucore.dylib */,
				E2A21A7818464F1100DA836E /* Security.framework */,
				E2A21A7618464F0400DA836E /* CFNetwork.framework */,
				E2A21A371845E6EB00DA836E /* Foundation.framework */,
				E2A21A391845E6EB00DA836E /* CoreGraphics.framework */,
				E2A21A3B1845E6EB00DA836E /* UIKit.framework */,
				E2A21A501845E6EB00DA836E /* XCTest.framework */,
			);
			name = Frameworks;
			sourceTree = "<group>";
		};
		E2A21A3D1845E6EB00DA836E /* TodoList */ = {
			isa = PBXGroup;
			children = (
				E29E1031184F20EB004AC9F8 /* views */,
				E2A21A461845E6EB00DA836E /* AppDelegate.h */,
				E2A21A471845E6EB00DA836E /* AppDelegate.m */,
				E2A21A661845E70800DA836E /* Storyboard.storyboard */,
				E2A21A491845E6EB00DA836E /* Images.xcassets */,
				E2A21A3E1845E6EB00DA836E /* Supporting Files */,
			);
			path = TodoList;
			sourceTree = "<group>";
		};
		E2A21A3E1845E6EB00DA836E /* Supporting Files */ = {
			isa = PBXGroup;
			children = (
				E2A21A3F1845E6EB00DA836E /* TodoList-Info.plist */,
				E2A21A401845E6EB00DA836E /* InfoPlist.strings */,
				E2A21A431845E6EB00DA836E /* main.m */,
				E2A21A451845E6EB00DA836E /* TodoList-Prefix.pch */,
			);
			name = "Supporting Files";
			sourceTree = "<group>";
		};
		E2A21A561845E6EB00DA836E /* TodoListTests */ = {
			isa = PBXGroup;
			children = (
				E2A21A5C1845E6EB00DA836E /* TodoListTests.m */,
				E2A21A571845E6EB00DA836E /* Supporting Files */,
			);
			path = TodoListTests;
			sourceTree = "<group>";
		};
		E2A21A571845E6EB00DA836E /* Supporting Files */ = {
			isa = PBXGroup;
			children = (
				E2A21A581845E6EB00DA836E /* TodoListTests-Info.plist */,
				E2A21A591845E6EB00DA836E /* InfoPlist.strings */,
			);
			name = "Supporting Files";
			sourceTree = "<group>";
		};
/* End PBXGroup section */

/* Begin PBXNativeTarget section */
		E2A21A331845E6EB00DA836E /* TodoList */ = {
			isa = PBXNativeTarget;
			buildConfigurationList = E2A21A601845E6EB00DA836E /* Build configuration list for PBXNativeTarget "TodoList" */;
			buildPhases = (
				E2A21A301845E6EB00DA836E /* Sources */,
				E2A21A311845E6EB00DA836E /* Frameworks */,
				E2A21A321845E6EB00DA836E /* Resources */,
			);
			buildRules = (
			);
			dependencies = (
				E24D7691188982EC00257B9B /* PBXTargetDependency */,
			);
			name = TodoList;
			productName = TodoList;
			productReference = E2A21A341845E6EB00DA836E /* TodoList.app */;
			productType = "com.apple.product-type.application";
		};
		E2A21A4E1845E6EB00DA836E /* TodoListTests */ = {
			isa = PBXNativeTarget;
			buildConfigurationList = E2A21A631845E6EB00DA836E /* Build configuration list for PBXNativeTarget "TodoListTests" */;
			buildPhases = (
				E2A21A4B1845E6EB00DA836E /* Sources */,
				E2A21A4C1845E6EB00DA836E /* Frameworks */,
				E2A21A4D1845E6EB00DA836E /* Resources */,
			);
			buildRules = (
			);
			dependencies = (
				E2A21A551845E6EB00DA836E /* PBXTargetDependency */,
			);
			name = TodoListTests;
			productName = TodoListTests;
			productReference = E2A21A4F1845E6EB00DA836E /* TodoListTests.xctest */;
			productType = "com.apple.product-type.bundle.unit-test";
		};
/* End PBXNativeTarget section */

/* Begin PBXProject section */
		E2A21A2C1845E6EB00DA836E /* Project object */ = {
			isa = PBXProject;
			attributes = {
				LastUpgradeCheck = 0500;
				ORGANIZATIONNAME = "Thomas Spiegl";
				TargetAttributes = {
					E2A21A331845E6EB00DA836E = {
						DevelopmentTeam = N2TY35FA8L;
					};
					E2A21A4E1845E6EB00DA836E = {
						TestTargetID = E2A21A331845E6EB00DA836E;
					};
				};
			};
			buildConfigurationList = E2A21A2F1845E6EB00DA836E /* Build configuration list for PBXProject "TodoList" */;
			compatibilityVersion = "Xcode 3.2";
			developmentRegion = English;
			hasScannedForEncodings = 0;
			knownRegions = (
				en,
			);
			mainGroup = E2A21A2B1845E6EB00DA836E;
			productRefGroup = E2A21A351845E6EB00DA836E /* Products */;
			projectDirPath = "";
			projectReferences = (
				{
					ProductGroup = E29E1046184F24AE004AC9F8 /* Products */;
					ProjectRef = E29E1045184F24AE004AC9F8 /* AnkorIOS.xcodeproj */;
				},
			);
			projectRoot = "";
			targets = (
				E2A21A331845E6EB00DA836E /* TodoList */,
				E2A21A4E1845E6EB00DA836E /* TodoListTests */,
			);
		};
/* End PBXProject section */

/* Begin PBXReferenceProxy section */
		E29E104B184F24AE004AC9F8 /* libAnkorIOS.a */ = {
			isa = PBXReferenceProxy;
			fileType = archive.ar;
			path = libAnkorIOS.a;
			remoteRef = E29E104A184F24AE004AC9F8 /* PBXContainerItemProxy */;
			sourceTree = BUILT_PRODUCTS_DIR;
		};
		E29E104D184F24AE004AC9F8 /* AnkorIOSTests.xctest */ = {
			isa = PBXReferenceProxy;
			fileType = wrapper.cfbundle;
			path = AnkorIOSTests.xctest;
			remoteRef = E29E104C184F24AE004AC9F8 /* PBXContainerItemProxy */;
			sourceTree = BUILT_PRODUCTS_DIR;
		};
/* End PBXReferenceProxy section */

/* Begin PBXResourcesBuildPhase section */
		E2A21A321845E6EB00DA836E /* Resources */ = {
			isa = PBXResourcesBuildPhase;
			buildActionMask = 2147483647;
			files = (
				E2A21A421845E6EB00DA836E /* InfoPlist.strings in Resources */,
				E2A21A4A1845E6EB00DA836E /* Images.xcassets in Resources */,
				E2A21A671845E70800DA836E /* Storyboard.storyboard in Resources */,
			);
			runOnlyForDeploymentPostprocessing = 0;
		};
		E2A21A4D1845E6EB00DA836E /* Resources */ = {
			isa = PBXResourcesBuildPhase;
			buildActionMask = 2147483647;
			files = (
				E2A21A5B1845E6EB00DA836E /* InfoPlist.strings in Resources */,
			);
			runOnlyForDeploymentPostprocessing = 0;
		};
/* End PBXResourcesBuildPhase section */

/* Begin PBXSourcesBuildPhase section */
		E2A21A301845E6EB00DA836E /* Sources */ = {
			isa = PBXSourcesBuildPhase;
			buildActionMask = 2147483647;
			files = (
				E2A21A481845E6EB00DA836E /* AppDelegate.m in Sources */,
				E2A21A441845E6EB00DA836E /* main.m in Sources */,
				E2A21A701846387500DA836E /* ToDoListView.m in Sources */,
				E2A21A6A1846377600DA836E /* AddToDoItemViewController.m in Sources */,
			);
			runOnlyForDeploymentPostprocessing = 0;
		};
		E2A21A4B1845E6EB00DA836E /* Sources */ = {
			isa = PBXSourcesBuildPhase;
			buildActionMask = 2147483647;
			files = (
				E2A21A5D1845E6EB00DA836E /* TodoListTests.m in Sources */,
			);
			runOnlyForDeploymentPostprocessing = 0;
		};
/* End PBXSourcesBuildPhase section */

/* Begin PBXTargetDependency section */
		E24D7691188982EC00257B9B /* PBXTargetDependency */ = {
			isa = PBXTargetDependency;
			name = AnkorIOS;
			targetProxy = E24D7690188982EC00257B9B /* PBXContainerItemProxy */;
		};
		E2A21A551845E6EB00DA836E /* PBXTargetDependency */ = {
			isa = PBXTargetDependency;
			target = E2A21A331845E6EB00DA836E /* TodoList */;
			targetProxy = E2A21A541845E6EB00DA836E /* PBXContainerItemProxy */;
		};
/* End PBXTargetDependency section */

/* Begin PBXVariantGroup section */
		E2A21A401845E6EB00DA836E /* InfoPlist.strings */ = {
			isa = PBXVariantGroup;
			children = (
				E2A21A411845E6EB00DA836E /* en */,
			);
			name = InfoPlist.strings;
			sourceTree = "<group>";
		};
		E2A21A591845E6EB00DA836E /* InfoPlist.strings */ = {
			isa = PBXVariantGroup;
			children = (
				E2A21A5A1845E6EB00DA836E /* en */,
			);
			name = InfoPlist.strings;
			sourceTree = "<group>";
		};
/* End PBXVariantGroup section */

/* Begin XCBuildConfiguration section */
		E2A21A5E1845E6EB00DA836E /* Debug */ = {
			isa = XCBuildConfiguration;
			buildSettings = {
				ALWAYS_SEARCH_USER_PATHS = NO;
				ARCHS = "$(ARCHS_STANDARD_INCLUDING_64_BIT)";
				CLANG_CXX_LANGUAGE_STANDARD = "gnu++0x";
				CLANG_CXX_LIBRARY = "libc++";
				CLANG_ENABLE_MODULES = YES;
				CLANG_ENABLE_OBJC_ARC = YES;
				CLANG_WARN_BOOL_CONVERSION = YES;
				CLANG_WARN_CONSTANT_CONVERSION = YES;
				CLANG_WARN_DIRECT_OBJC_ISA_USAGE = YES_ERROR;
				CLANG_WARN_EMPTY_BODY = YES;
				CLANG_WARN_ENUM_CONVERSION = YES;
				CLANG_WARN_INT_CONVERSION = YES;
				CLANG_WARN_OBJC_ROOT_CLASS = YES_ERROR;
				CLANG_WARN__DUPLICATE_METHOD_MATCH = YES;
				"CODE_SIGN_IDENTITY[sdk=iphoneos*]" = "iPhone Developer";
				COPY_PHASE_STRIP = NO;
				GCC_C_LANGUAGE_STANDARD = gnu99;
				GCC_DYNAMIC_NO_PIC = NO;
				GCC_OPTIMIZATION_LEVEL = 0;
				GCC_PREPROCESSOR_DEFINITIONS = (
					"DEBUG=1",
					"$(inherited)",
				);
				GCC_SYMBOLS_PRIVATE_EXTERN = NO;
				GCC_WARN_64_TO_32_BIT_CONVERSION = YES;
				GCC_WARN_ABOUT_RETURN_TYPE = YES_ERROR;
				GCC_WARN_UNDECLARED_SELECTOR = YES;
				GCC_WARN_UNINITIALIZED_AUTOS = YES;
				GCC_WARN_UNUSED_FUNCTION = YES;
				GCC_WARN_UNUSED_VARIABLE = YES;
				IPHONEOS_DEPLOYMENT_TARGET = 7.0;
				ONLY_ACTIVE_ARCH = YES;
				SDKROOT = iphoneos;
			};
			name = Debug;
		};
		E2A21A5F1845E6EB00DA836E /* Release */ = {
			isa = XCBuildConfiguration;
			buildSettings = {
				ALWAYS_SEARCH_USER_PATHS = NO;
				ARCHS = "$(ARCHS_STANDARD_INCLUDING_64_BIT)";
				CLANG_CXX_LANGUAGE_STANDARD = "gnu++0x";
				CLANG_CXX_LIBRARY = "libc++";
				CLANG_ENABLE_MODULES = YES;
				CLANG_ENABLE_OBJC_ARC = YES;
				CLANG_WARN_BOOL_CONVERSION = YES;
				CLANG_WARN_CONSTANT_CONVERSION = YES;
				CLANG_WARN_DIRECT_OBJC_ISA_USAGE = YES_ERROR;
				CLANG_WARN_EMPTY_BODY = YES;
				CLANG_WARN_ENUM_CONVERSION = YES;
				CLANG_WARN_INT_CONVERSION = YES;
				CLANG_WARN_OBJC_ROOT_CLASS = YES_ERROR;
				CLANG_WARN__DUPLICATE_METHOD_MATCH = YES;
				"CODE_SIGN_IDENTITY[sdk=iphoneos*]" = "iPhone Developer";
				COPY_PHASE_STRIP = YES;
				ENABLE_NS_ASSERTIONS = NO;
				GCC_C_LANGUAGE_STANDARD = gnu99;
				GCC_WARN_64_TO_32_BIT_CONVERSION = YES;
				GCC_WARN_ABOUT_RETURN_TYPE = YES_ERROR;
				GCC_WARN_UNDECLARED_SELECTOR = YES;
				GCC_WARN_UNINITIALIZED_AUTOS = YES;
				GCC_WARN_UNUSED_FUNCTION = YES;
				GCC_WARN_UNUSED_VARIABLE = YES;
				IPHONEOS_DEPLOYMENT_TARGET = 7.0;
				SDKROOT = iphoneos;
				VALIDATE_PRODUCT = YES;
			};
			name = Release;
		};
		E2A21A611845E6EB00DA836E /* Debug */ = {
			isa = XCBuildConfiguration;
			buildSettings = {
				ASSETCATALOG_COMPILER_APPICON_NAME = AppIcon;
				ASSETCATALOG_COMPILER_LAUNCHIMAGE_NAME = LaunchImage;
				CODE_SIGN_IDENTITY = "iPhone Developer";
				"CODE_SIGN_IDENTITY[sdk=iphoneos*]" = "iPhone Developer";
				GCC_PRECOMPILE_PREFIX_HEADER = YES;
				GCC_PREFIX_HEADER = "TodoList/TodoList-Prefix.pch";
				HEADER_SEARCH_PATHS = (
					"<Multiple",
					"values>",
					"../../../ankor-ios/AnkorIOS",
				);
				INFOPLIST_FILE = "TodoList/TodoList-Info.plist";
				LIBRARY_SEARCH_PATHS = (
					"$(inherited)",
					"/Users/tom/Develop/tools/xcode-ext/UnittWebSocketClient/bin/Release-iphoneos",
				);
				"OTHER_LDFLAGS[arch=*]" = "-ObjC";
				PRODUCT_NAME = "$(TARGET_NAME)";
				PROVISIONING_PROFILE = "";
				WRAPPER_EXTENSION = app;
			};
			name = Debug;
		};
		E2A21A621845E6EB00DA836E /* Release */ = {
			isa = XCBuildConfiguration;
			buildSettings = {
				ASSETCATALOG_COMPILER_APPICON_NAME = AppIcon;
				ASSETCATALOG_COMPILER_LAUNCHIMAGE_NAME = LaunchImage;
				CODE_SIGN_IDENTITY = "iPhone Developer";
				"CODE_SIGN_IDENTITY[sdk=iphoneos*]" = "iPhone Developer";
				GCC_PRECOMPILE_PREFIX_HEADER = YES;
				GCC_PREFIX_HEADER = "TodoList/TodoList-Prefix.pch";
				HEADER_SEARCH_PATHS = (
					"<Multiple",
					"values>",
					"../../../ankor-ios/AnkorIOS",
				);
				INFOPLIST_FILE = "TodoList/TodoList-Info.plist";
				LIBRARY_SEARCH_PATHS = (
					"$(inherited)",
					"/Users/tom/Develop/tools/xcode-ext/UnittWebSocketClient/bin/Release-iphoneos",
				);
				"OTHER_LDFLAGS[arch=*]" = "-ObjC";
				PRODUCT_NAME = "$(TARGET_NAME)";
				PROVISIONING_PROFILE = "";
				WRAPPER_EXTENSION = app;
			};
			name = Release;
		};
		E2A21A641845E6EB00DA836E /* Debug */ = {
			isa = XCBuildConfiguration;
			buildSettings = {
				ARCHS = "$(ARCHS_STANDARD_INCLUDING_64_BIT)";
				BUNDLE_LOADER = "$(BUILT_PRODUCTS_DIR)/TodoList.app/TodoList";
				FRAMEWORK_SEARCH_PATHS = (
					"$(SDKROOT)/Developer/Library/Frameworks",
					"$(inherited)",
					"$(DEVELOPER_FRAMEWORKS_DIR)",
				);
				GCC_PRECOMPILE_PREFIX_HEADER = YES;
				GCC_PREFIX_HEADER = "TodoList/TodoList-Prefix.pch";
				GCC_PREPROCESSOR_DEFINITIONS = (
					"DEBUG=1",
					"$(inherited)",
				);
				INFOPLIST_FILE = "TodoListTests/TodoListTests-Info.plist";
				PRODUCT_NAME = "$(TARGET_NAME)";
				TEST_HOST = "$(BUNDLE_LOADER)";
				WRAPPER_EXTENSION = xctest;
			};
			name = Debug;
		};
		E2A21A651845E6EB00DA836E /* Release */ = {
			isa = XCBuildConfiguration;
			buildSettings = {
				ARCHS = "$(ARCHS_STANDARD_INCLUDING_64_BIT)";
				BUNDLE_LOADER = "$(BUILT_PRODUCTS_DIR)/TodoList.app/TodoList";
				FRAMEWORK_SEARCH_PATHS = (
					"$(SDKROOT)/Developer/Library/Frameworks",
					"$(inherited)",
					"$(DEVELOPER_FRAMEWORKS_DIR)",
				);
				GCC_PRECOMPILE_PREFIX_HEADER = YES;
				GCC_PREFIX_HEADER = "TodoList/TodoList-Prefix.pch";
				INFOPLIST_FILE = "TodoListTests/TodoListTests-Info.plist";
				PRODUCT_NAME = "$(TARGET_NAME)";
				TEST_HOST = "$(BUNDLE_LOADER)";
				WRAPPER_EXTENSION = xctest;
			};
			name = Release;
		};
/* End XCBuildConfiguration section */

/* Begin XCConfigurationList section */
		E2A21A2F1845E6EB00DA836E /* Build configuration list for PBXProject "TodoList" */ = {
			isa = XCConfigurationList;
			buildConfigurations = (
				E2A21A5E1845E6EB00DA836E /* Debug */,
				E2A21A5F1845E6EB00DA836E /* Release */,
			);
			defaultConfigurationIsVisible = 0;
			defaultConfigurationName = Release;
		};
		E2A21A601845E6EB00DA836E /* Build configuration list for PBXNativeTarget "TodoList" */ = {
			isa = XCConfigurationList;
			buildConfigurations = (
				E2A21A611845E6EB00DA836E /* Debug */,
				E2A21A621845E6EB00DA836E /* Release */,
			);
			defaultConfigurationIsVisible = 0;
			defaultConfigurationName = Release;
		};
		E2A21A631845E6EB00DA836E /* Build configuration list for PBXNativeTarget "TodoListTests" */ = {
			isa = XCConfigurationList;
			buildConfigurations = (
				E2A21A641845E6EB00DA836E /* Debug */,
				E2A21A651845E6EB00DA836E /* Release */,
			);
			defaultConfigurationIsVisible = 0;
			defaultConfigurationName = Release;
		};
/* End XCConfigurationList section */
	};
	rootObject = E2A21A2C1845E6EB00DA836E /* Project object */;
}
